
Microsoft Visual Studio Solution File, Format Version 12.00
# Visual Studio Version 16
VisualStudioVersion = 16.0.31402.337
MinimumVisualStudioVersion = 10.0.40219.1
Project("{FAE04EC0-301F-11D3-BF4B-00C04F79EFBC}") = "GrafiLogic", "GrafiLogic\GrafiLogic.csproj", "{E1C3E53D-12FA-4B5A-9096-D5BDD0660A8A}"
EndProject
Global
	GlobalSection(SolutionConfigurationPlatforms) = preSolution
		Debug|Any CPU = Debug|Any CPU
		Release|Any CPU = Release|Any CPU
	EndGlobalSection
	GlobalSection(ProjectConfigurationPlatforms) = postSolution
		{E1C3E53D-12FA-4B5A-9096-D5BDD0660A8A}.Debug|Any CPU.ActiveCfg = Debug|Any CPU
		{E1C3E53D-12FA-4B5A-9096-D5BDD0660A8A}.Debug|Any CPU.Build.0 = Debug|Any CPU
		{E1C3E53D-12FA-4B5A-9096-D5BDD0660A8A}.Release|Any CPU.ActiveCfg = Release|Any CPU
		{E1C3E53D-12FA-4B5A-9096-D5BDD0660A8A}.Release|Any CPU.Build.0 = Release|Any CPU
	EndGlobalSection
	GlobalSection(SolutionProperties) = preSolution
		HideSolutionNode = FALSE
	EndGlobalSection
	GlobalSection(ExtensibilityGlobals) = postSolution
		SolutionGuid = {80C8585D-02E4-4A12-B05D-EB6F0FFF55B2}
	EndGlobalSection
EndGlobal
